
Microsoft Visual Studio Solution File, Format Version 12.00
# Visual Studio Version 17
VisualStudioVersion = 17.2.32519.379
MinimumVisualStudioVersion = 10.0.40219.1
Project("{9A19103F-16F7-4668-BE54-9A1E7A4F7556}") = "Telegram.Bot.Framework", "Telegram.Bot.Framework.csproj", "{0E91A13E-ED3E-40F6-8E55-C3FFF72454B6}"
EndProject
Global
	GlobalSection(SolutionConfigurationPlatforms) = preSolution
		Debug|Any CPU = Debug|Any CPU
		Release|Any CPU = Release|Any CPU
	EndGlobalSection
	GlobalSection(ProjectConfigurationPlatforms) = postSolution
		{0E91A13E-ED3E-40F6-8E55-C3FFF72454B6}.Debug|Any CPU.ActiveCfg = Debug|Any CPU
		{0E91A13E-ED3E-40F6-8E55-C3FFF72454B6}.Debug|Any CPU.Build.0 = Debug|Any CPU
		{0E91A13E-ED3E-40F6-8E55-C3FFF72454B6}.Release|Any CPU.ActiveCfg = Release|Any CPU
		{0E91A13E-ED3E-40F6-8E55-C3FFF72454B6}.Release|Any CPU.Build.0 = Release|Any CPU
	EndGlobalSection
	GlobalSection(SolutionProperties) = preSolution
		HideSolutionNode = FALSE
	EndGlobalSection
	GlobalSection(ExtensibilityGlobals) = postSolution
		SolutionGuid = {6D6B09CE-1857-49B6-AB3C-470E0284BECD}
	EndGlobalSection
EndGlobal
